
Microsoft Visual Studio Solution File, Format Version 12.00
# Visual Studio 2012
Project("{FAE04EC0-301F-11D3-BF4B-00C04F79EFBC}") = "Stocks.Data", "Stocks.Data\Stocks.Data.csproj", "{AD8780E5-45A7-4F04-8129-B2743BE57AEA}"
EndProject
Project("{FAE04EC0-301F-11D3-BF4B-00C04F79EFBC}") = "Stocks.Domain", "Stocks.Domain\Stocks.Domain.csproj", "{F0C85B99-2C6F-422E-9464-8E9537AE5169}"
EndProject
Global
	GlobalSection(SolutionConfigurationPlatforms) = preSolution
		Debug|Any CPU = Debug|Any CPU
		Release|Any CPU = Release|Any CPU
	EndGlobalSection
	GlobalSection(ProjectConfigurationPlatforms) = postSolution
		{AD8780E5-45A7-4F04-8129-B2743BE57AEA}.Debug|Any CPU.ActiveCfg = Debug|Any CPU
		{AD8780E5-45A7-4F04-8129-B2743BE57AEA}.Debug|Any CPU.Build.0 = Debug|Any CPU
		{AD8780E5-45A7-4F04-8129-B2743BE57AEA}.Release|Any CPU.ActiveCfg = Release|Any CPU
		{AD8780E5-45A7-4F04-8129-B2743BE57AEA}.Release|Any CPU.Build.0 = Release|Any CPU
		{F0C85B99-2C6F-422E-9464-8E9537AE5169}.Debug|Any CPU.ActiveCfg = Debug|Any CPU
		{F0C85B99-2C6F-422E-9464-8E9537AE5169}.Debug|Any CPU.Build.0 = Debug|Any CPU
		{F0C85B99-2C6F-422E-9464-8E9537AE5169}.Release|Any CPU.ActiveCfg = Release|Any CPU
		{F0C85B99-2C6F-422E-9464-8E9537AE5169}.Release|Any CPU.Build.0 = Release|Any CPU
	EndGlobalSection
	GlobalSection(MonoDevelopProperties) = preSolution
		Policies = $0
		$0.DotNetNamingPolicy = $1
		$1.DirectoryNamespaceAssociation = PrefixedHierarchical
		$0.TextStylePolicy = $2
		$2.inheritsSet = null
		$2.scope = text/x-csharp
		$0.CSharpFormattingPolicy = $3
		$3.scope = text/x-csharp
		$0.StandardHeader = $4
		$0.VersionControlPolicy = $5
	EndGlobalSection
EndGlobal
